// !$*UTF8*$!
{
	archiveVersion = 1;
	classes = {
	};
	objectVersion = 77;
	objects = {

/* Begin PBXBuildFile section */
		142E6680617222E6C17C3D2C /* OnboardingView.swift in Sources */ = {isa = PBXBuildFile; fileRef = 42661EB886B8318D8DEFABFA /* OnboardingView.swift */; };
		196D769DA35F5DB734E35CAB /* AVFoundation.framework in Frameworks */ = {isa = PBXBuildFile; fileRef = 1361638A120B61026F00DCC7 /* AVFoundation.framework */; };
		1D7F5DD1A0FF9FA993931E04 /* ProfileMatcher.swift in Sources */ = {isa = PBXBuildFile; fileRef = E935BFAA8A8292B478DA81B0 /* ProfileMatcher.swift */; };
		1D948C56C4D49042509192E0 /* URLRouterTests.swift in Sources */ = {isa = PBXBuildFile; fileRef = A715F4B83B9FDBDD19E10BE6 /* URLRouterTests.swift */; };
		217A8C3E81B3A1B165CBAEB2 /* CaptionAnalyzer.swift in Sources */ = {isa = PBXBuildFile; fileRef = 124A4D2FF0344B802F56263E /* CaptionAnalyzer.swift */; };
		21A36AEB84A1CF6CF499FD33 /* VideoMetadataFetcher.swift in Sources */ = {isa = PBXBuildFile; fileRef = AB6927B3D6996D01FA9163A5 /* VideoMetadataFetcher.swift */; };
		22C4C03883DB86E008BEF963 /* ISO8601DurationParser.swift in Sources */ = {isa = PBXBuildFile; fileRef = BBD4C75A2449648C9F438129 /* ISO8601DurationParser.swift */; };
		2B2EDDF3A98BBEF7CB8134E6 /* TagInputView.swift in Sources */ = {isa = PBXBuildFile; fileRef = EB8FAA7CA825A14FBDE26A6C /* TagInputView.swift */; };
		2FDC295AC4E64BC6DBC9C4EE /* WebRecipeSearcher.swift in Sources */ = {isa = PBXBuildFile; fileRef = DF90F98FC541EF3FA381CB38 /* WebRecipeSearcher.swift */; };
		347C5FA37FCE86C9FE064055 /* SwiftSoup in Frameworks */ = {isa = PBXBuildFile; productRef = CE4094BC40CD60A030622ABD /* SwiftSoup */; };
		384F9F1857494EB118A14C2E /* ApplianceDetector.swift in Sources */ = {isa = PBXBuildFile; fileRef = A14E7A6471A108F3672BB68B /* ApplianceDetector.swift */; };
		3D73245B8EE956A066827D6A /* Lora-Regular.ttf in Resources */ = {isa = PBXBuildFile; fileRef = 3D243FB3ACC2B31874388203 /* Lora-Regular.ttf */; };
		3F0D7100D6E8FC2664ABF2A4 /* BlogRecipeSearch.swift in Sources */ = {isa = PBXBuildFile; fileRef = 8E9B804037E381B1875A02E5 /* BlogRecipeSearch.swift */; };
		412A1A6487E6E55FEA85044F /* FoodDictionary.swift in Sources */ = {isa = PBXBuildFile; fileRef = 9B900B6CCB0A116CB1F75B38 /* FoodDictionary.swift */; };
		464EB83C7C25B1D9370CDC48 /* ExtractionPipeline.swift in Sources */ = {isa = PBXBuildFile; fileRef = 324369F23CEEC663CA1EA5A0 /* ExtractionPipeline.swift */; };
		4B86F9442107F6A7A26EFA4B /* Speech.framework in Frameworks */ = {isa = PBXBuildFile; fileRef = E666AFBB609BC5E58EF2B9EE /* Speech.framework */; };
		4C838D2C02B3D66560998B6E /* Recipe.swift in Sources */ = {isa = PBXBuildFile; fileRef = CFC60516D7FE8F9BE2961986 /* Recipe.swift */; };
		4D6D22F7062D0D69047BD0B4 /* TranscriptFetcher.swift in Sources */ = {isa = PBXBuildFile; fileRef = 3C51C8FF4F069912D4A1F95C /* TranscriptFetcher.swift */; };
		53F6776273EA863FF9B65B9D /* ExtractionResult.swift in Sources */ = {isa = PBXBuildFile; fileRef = 443FFA2EEDD23F93CCAC6408 /* ExtractionResult.swift */; };
		5AAA4D33D6D64498DFEA7FE4 /* RecipeValidator.swift in Sources */ = {isa = PBXBuildFile; fileRef = A84D65E08565F7B6F18BB383 /* RecipeValidator.swift */; };
		5B9C35571B118D8386AD4447 /* CreatorProfileSearcher.swift in Sources */ = {isa = PBXBuildFile; fileRef = C538E0B7BE7465A4B0252561 /* CreatorProfileSearcher.swift */; };
		5D1C602B043AD370184C67AE /* IngredientParser.swift in Sources */ = {isa = PBXBuildFile; fileRef = 644C35F47DEA2B69B329D45D /* IngredientParser.swift */; };
		6251B9CBA7B4C26920D74612 /* DinerProfile.swift in Sources */ = {isa = PBXBuildFile; fileRef = 9FC95E88D6EEEC8BD4D8AAFD /* DinerProfile.swift */; };
		69E483A482520AFBBD85568C /* URLRouter.swift in Sources */ = {isa = PBXBuildFile; fileRef = 895AC2D9349872A304AFDCB8 /* URLRouter.swift */; };
		7274E8EDC53759AD77E62D48 /* ReviewView.swift in Sources */ = {isa = PBXBuildFile; fileRef = 94514113B5418A9108E161B0 /* ReviewView.swift */; };
		770096E2E77B7A0BE022D571 /* IngredientConverter.swift in Sources */ = {isa = PBXBuildFile; fileRef = 16D0A762330CBDCD94D938A7 /* IngredientConverter.swift */; };
		7874CD4986594D8325900EC9 /* CompatibilityView.swift in Sources */ = {isa = PBXBuildFile; fileRef = 2DE77EF4D3ED40987FB6DD69 /* CompatibilityView.swift */; };
		78D5C4F0DD6AD2A9699D1F3A /* CookVoiceController.swift in Sources */ = {isa = PBXBuildFile; fileRef = DCB137BC614BB39A69A9A813 /* CookVoiceController.swift */; };
		80BCB22584CEDB191C379C16 /* TranscriptExtractor.swift in Sources */ = {isa = PBXBuildFile; fileRef = 4868D168C7C6FA747AB44694 /* TranscriptExtractor.swift */; };
		829B9B01AC4156DB59CA364A /* ContentView.swift in Sources */ = {isa = PBXBuildFile; fileRef = 85A8B10CE0B4F19AA0C87E74 /* ContentView.swift */; };
		862DAB0B881F48164C3C7288 /* DietDefinition.swift in Sources */ = {isa = PBXBuildFile; fileRef = C56C035BCE2DC97ABF806569 /* DietDefinition.swift */; };
		87CF41CD4480899D5D932520 /* SchemaOrgExtractor.swift in Sources */ = {isa = PBXBuildFile; fileRef = 778C9ACBA83889E0050DC223 /* SchemaOrgExtractor.swift */; };
		92FC0703255EBCEBA6ADB8E4 /* SousChefTests.swift in Sources */ = {isa = PBXBuildFile; fileRef = 8F0BB97417274CF509B873CF /* SousChefTests.swift */; };
		FEED0000000000000000DD01 /* ProfileMatcherTests.swift in Sources */ = {isa = PBXBuildFile; fileRef = FEED0000000000000000DD02 /* ProfileMatcherTests.swift */; };
		98ABB4195E38B3EC80555C28 /* Lora-SemiBold.ttf in Resources */ = {isa = PBXBuildFile; fileRef = 1EE74A288B649F9B1FC783A7 /* Lora-SemiBold.ttf */; };
		9E4BF5BA4F11E86F358EF5FF /* MicroStepSplitter.swift in Sources */ = {isa = PBXBuildFile; fileRef = 7560654AFD354C4655DEEC21 /* MicroStepSplitter.swift */; };
		FEED0000000000000000AA01 /* StepSequencer.swift in Sources */ = {isa = PBXBuildFile; fileRef = FEED0000000000000000AA02 /* StepSequencer.swift */; };
		A1B2C3D4E5F60718293A4B5C /* IngredientAnnotator.swift in Sources */ = {isa = PBXBuildFile; fileRef = D6E7F8091A2B3C4D5E6F7081 /* IngredientAnnotator.swift */; };
		9F2F8AC90EA6C8D66CB562F6 /* IngredientParserTests.swift in Sources */ = {isa = PBXBuildFile; fileRef = EA6B0D50C4629247D9083A41 /* IngredientParserTests.swift */; };
		FEED0000000000000000CC01 /* TimerDetectorTests.swift in Sources */ = {isa = PBXBuildFile; fileRef = FEED0000000000000000CC02 /* TimerDetectorTests.swift */; };
		FEED0000000000000000BB01 /* StepSequencerTests.swift in Sources */ = {isa = PBXBuildFile; fileRef = FEED0000000000000000BB02 /* StepSequencerTests.swift */; };
		A023C66ED92EFC1D105BE252 /* LLMExtractor.swift in Sources */ = {isa = PBXBuildFile; fileRef = 01DC8E8C8944E55C1F03DC6D /* LLMExtractor.swift */; };
		A71D307287F47F12A1420796 /* TranscriptLLMValidator.swift in Sources */ = {isa = PBXBuildFile; fileRef = DF9ACA7716EC503F142D4F8B /* TranscriptLLMValidator.swift */; };
		A766F0A96DF26B2BCB4D44CF /* NaturalLanguage.framework in Frameworks */ = {isa = PBXBuildFile; fileRef = 2D75D10443D97C18648ED646 /* NaturalLanguage.framework */; };
		AEA99155ABF7813A92A3D68B /* DesignSystem.swift in Sources */ = {isa = PBXBuildFile; fileRef = 8D50B80500111014D6719A3A /* DesignSystem.swift */; };
		AF8990BE852D1D55206D198B /* BioLinkResolver.swift in Sources */ = {isa = PBXBuildFile; fileRef = 7F7FA7EC42E315D9108E0DAA /* BioLinkResolver.swift */; };
		B85588E48D01A0F24BF38630 /* Lora-Bold.ttf in Resources */ = {isa = PBXBuildFile; fileRef = DB59ADB64230BE82B206FCA7 /* Lora-Bold.ttf */; };
		FEED0000000000000000DA01 /* Data in Resources */ = {isa = PBXBuildFile; fileRef = FA0C7EF9BD953876152C2053 /* Data */; };
		DA00F67E30D9541957FE96C0 /* SimilarRecipePreviewSheet.swift in Sources */ = {isa = PBXBuildFile; fileRef = E48E434BEE39A52AF6BEC478 /* SimilarRecipePreviewSheet.swift */; };
		DAD44762FA7BCEC58675730D /* DinerProfilesView.swift in Sources */ = {isa = PBXBuildFile; fileRef = 8CCCA666B0B957AABF2ED7AB /* DinerProfilesView.swift */; };
		DB8955E2B5E4A8E5D32BEFBD /* CloudKit.framework in Frameworks */ = {isa = PBXBuildFile; fileRef = 07D492E365A4AB46C47203BF /* CloudKit.framework */; };
		E0837A5412C3972BF9661253 /* HeuristicExtractor.swift in Sources */ = {isa = PBXBuildFile; fileRef = 3004C4972FFDBE1BE2A0023B /* HeuristicExtractor.swift */; };
		E12F6B6B1AF34AC660AB347C /* ImportView.swift in Sources */ = {isa = PBXBuildFile; fileRef = 7C9FE66F7A96F67B86A4634E /* ImportView.swift */; };
		E2B7C61A45B1C3E86CF6B4CF /* WebPageFetcher.swift in Sources */ = {isa = PBXBuildFile; fileRef = A4E0C3985F6D96FA13D91BBD /* WebPageFetcher.swift */; };
		EFC491F1242047404813ED1F /* RecipeLibraryView.swift in Sources */ = {isa = PBXBuildFile; fileRef = CE44BBBFC6D8074C36714074 /* RecipeLibraryView.swift */; };
		F3DFF5983E8A3920FCD815EB /* CookModeView.swift in Sources */ = {isa = PBXBuildFile; fileRef = 43A1CD6E33671039BE2F1D6F /* CookModeView.swift */; };
		F5304E687B7BC179FB049DFC /* SubstitutionLibrary.swift in Sources */ = {isa = PBXBuildFile; fileRef = 7C621B64319F944043650F8B /* SubstitutionLibrary.swift */; };
		F6069329545E157D44AB41CB /* RootView.swift in Sources */ = {isa = PBXBuildFile; fileRef = 73FFA52C6877C70560151914 /* RootView.swift */; };
		F7063B91A1D41FC33CD2C05C /* MicrodataExtractor.swift in Sources */ = {isa = PBXBuildFile; fileRef = 82FF8F6B3A0D2953DB61A55C /* MicrodataExtractor.swift */; };
		FA932308D97292B1EB264831 /* SousChefApp.swift in Sources */ = {isa = PBXBuildFile; fileRef = DBAFCDAE7424D9755D0E5CB1 /* SousChefApp.swift */; };
		FF7F4CC647BE268DE8447CDC /* CookTimerManager.swift in Sources */ = {isa = PBXBuildFile; fileRef = 978D73B0701FE2FF6C4C3CA7 /* CookTimerManager.swift */; };
/* End PBXBuildFile section */

/* Begin PBXContainerItemProxy section */
		0605356DF58099C54C151C7F /* PBXContainerItemProxy */ = {
			isa = PBXContainerItemProxy;
			containerPortal = 3ED73645DF9AA9F9502F301A /* Project object */;
			proxyType = 1;
			remoteGlobalIDString = BA7F5A61A975B9E56E325D06;
			remoteInfo = SousChef;
		};
/* End PBXContainerItemProxy section */

/* Begin PBXFileReference section */
		01DC8E8C8944E55C1F03DC6D /* LLMExtractor.swift */ = {isa = PBXFileReference; lastKnownFileType = sourcecode.swift; path = LLMExtractor.swift; sourceTree = "<group>"; };
		07D492E365A4AB46C47203BF /* CloudKit.framework */ = {isa = PBXFileReference; lastKnownFileType = wrapper.framework; name = CloudKit.framework; path = System/Library/Frameworks/CloudKit.framework; sourceTree = SDKROOT; };
		124A4D2FF0344B802F56263E /* CaptionAnalyzer.swift */ = {isa = PBXFileReference; lastKnownFileType = sourcecode.swift; path = CaptionAnalyzer.swift; sourceTree = "<group>"; };
		1361638A120B61026F00DCC7 /* AVFoundation.framework */ = {isa = PBXFileReference; lastKnownFileType = wrapper.framework; name = AVFoundation.framework; path = System/Library/Frameworks/AVFoundation.framework; sourceTree = SDKROOT; };
		16D0A762330CBDCD94D938A7 /* IngredientConverter.swift */ = {isa = PBXFileReference; lastKnownFileType = sourcecode.swift; path = IngredientConverter.swift; sourceTree = "<group>"; };
		1EE74A288B649F9B1FC783A7 /* Lora-SemiBold.ttf */ = {isa = PBXFileReference; lastKnownFileType = file; path = "Lora-SemiBold.ttf"; sourceTree = "<group>"; };
		2D75D10443D97C18648ED646 /* NaturalLanguage.framework */ = {isa = PBXFileReference; lastKnownFileType = wrapper.framework; name = NaturalLanguage.framework; path = System/Library/Frameworks/NaturalLanguage.framework; sourceTree = SDKROOT; };
		2DE77EF4D3ED40987FB6DD69 /* CompatibilityView.swift */ = {isa = PBXFileReference; lastKnownFileType = sourcecode.swift; path = CompatibilityView.swift; sourceTree = "<group>"; };
		3004C4972FFDBE1BE2A0023B /* HeuristicExtractor.swift */ = {isa = PBXFileReference; lastKnownFileType = sourcecode.swift; path = HeuristicExtractor.swift; sourceTree = "<group>"; };
		324369F23CEEC663CA1EA5A0 /* ExtractionPipeline.swift */ = {isa = PBXFileReference; lastKnownFileType = sourcecode.swift; path = ExtractionPipeline.swift; sourceTree = "<group>"; };
		3C51C8FF4F069912D4A1F95C /* TranscriptFetcher.swift */ = {isa = PBXFileReference; lastKnownFileType = sourcecode.swift; path = TranscriptFetcher.swift; sourceTree = "<group>"; };
		3D243FB3ACC2B31874388203 /* Lora-Regular.ttf */ = {isa = PBXFileReference; lastKnownFileType = file; path = "Lora-Regular.ttf"; sourceTree = "<group>"; };
		42661EB886B8318D8DEFABFA /* OnboardingView.swift */ = {isa = PBXFileReference; lastKnownFileType = sourcecode.swift; path = OnboardingView.swift; sourceTree = "<group>"; };
		43A1CD6E33671039BE2F1D6F /* CookModeView.swift */ = {isa = PBXFileReference; lastKnownFileType = sourcecode.swift; path = CookModeView.swift; sourceTree = "<group>"; };
		443FFA2EEDD23F93CCAC6408 /* ExtractionResult.swift */ = {isa = PBXFileReference; lastKnownFileType = sourcecode.swift; path = ExtractionResult.swift; sourceTree = "<group>"; };
		4868D168C7C6FA747AB44694 /* TranscriptExtractor.swift */ = {isa = PBXFileReference; lastKnownFileType = sourcecode.swift; path = TranscriptExtractor.swift; sourceTree = "<group>"; };
		644C35F47DEA2B69B329D45D /* IngredientParser.swift */ = {isa = PBXFileReference; lastKnownFileType = sourcecode.swift; path = IngredientParser.swift; sourceTree = "<group>"; };
		647EBB3413A511930A879E0C /* SousChef.entitlements */ = {isa = PBXFileReference; lastKnownFileType = text.plist.entitlements; path = SousChef.entitlements; sourceTree = "<group>"; };
		73FFA52C6877C70560151914 /* RootView.swift */ = {isa = PBXFileReference; lastKnownFileType = sourcecode.swift; path = RootView.swift; sourceTree = "<group>"; };
		7560654AFD354C4655DEEC21 /* MicroStepSplitter.swift */ = {isa = PBXFileReference; lastKnownFileType = sourcecode.swift; path = MicroStepSplitter.swift; sourceTree = "<group>"; };
		FEED0000000000000000AA02 /* StepSequencer.swift */ = {isa = PBXFileReference; lastKnownFileType = sourcecode.swift; path = StepSequencer.swift; sourceTree = "<group>"; };
		D6E7F8091A2B3C4D5E6F7081 /* IngredientAnnotator.swift */ = {isa = PBXFileReference; lastKnownFileType = sourcecode.swift; path = IngredientAnnotator.swift; sourceTree = "<group>"; };
		778C9ACBA83889E0050DC223 /* SchemaOrgExtractor.swift */ = {isa = PBXFileReference; lastKnownFileType = sourcecode.swift; path = SchemaOrgExtractor.swift; sourceTree = "<group>"; };
		FA0C7EF9BD953876152C2053 /* Data */ = {isa = PBXFileReference; lastKnownFileType = folder; path = Data; sourceTree = "<group>"; };
		7C621B64319F944043650F8B /* SubstitutionLibrary.swift */ = {isa = PBXFileReference; lastKnownFileType = sourcecode.swift; path = SubstitutionLibrary.swift; sourceTree = "<group>"; };
		7C9FE66F7A96F67B86A4634E /* ImportView.swift */ = {isa = PBXFileReference; lastKnownFileType = sourcecode.swift; path = ImportView.swift; sourceTree = "<group>"; };
		7F7FA7EC42E315D9108E0DAA /* BioLinkResolver.swift */ = {isa = PBXFileReference; lastKnownFileType = sourcecode.swift; path = BioLinkResolver.swift; sourceTree = "<group>"; };
		82FF8F6B3A0D2953DB61A55C /* MicrodataExtractor.swift */ = {isa = PBXFileReference; lastKnownFileType = sourcecode.swift; path = MicrodataExtractor.swift; sourceTree = "<group>"; };
		85A8B10CE0B4F19AA0C87E74 /* ContentView.swift */ = {isa = PBXFileReference; lastKnownFileType = sourcecode.swift; path = ContentView.swift; sourceTree = "<group>"; };
		895AC2D9349872A304AFDCB8 /* URLRouter.swift */ = {isa = PBXFileReference; lastKnownFileType = sourcecode.swift; path = URLRouter.swift; sourceTree = "<group>"; };
		8CCCA666B0B957AABF2ED7AB /* DinerProfilesView.swift */ = {isa = PBXFileReference; lastKnownFileType = sourcecode.swift; path = DinerProfilesView.swift; sourceTree = "<group>"; };
		8D50B80500111014D6719A3A /* DesignSystem.swift */ = {isa = PBXFileReference; lastKnownFileType = sourcecode.swift; path = DesignSystem.swift; sourceTree = "<group>"; };
		8E9B804037E381B1875A02E5 /* BlogRecipeSearch.swift */ = {isa = PBXFileReference; lastKnownFileType = sourcecode.swift; path = BlogRecipeSearch.swift; sourceTree = "<group>"; };
		8F0BB97417274CF509B873CF /* SousChefTests.swift */ = {isa = PBXFileReference; lastKnownFileType = sourcecode.swift; path = SousChefTests.swift; sourceTree = "<group>"; };
		FEED0000000000000000DD02 /* ProfileMatcherTests.swift */ = {isa = PBXFileReference; lastKnownFileType = sourcecode.swift; path = ProfileMatcherTests.swift; sourceTree = "<group>"; };
		9118C7EB140861CEAD591267 /* Info.plist */ = {isa = PBXFileReference; lastKnownFileType = text.plist; path = Info.plist; sourceTree = "<group>"; };
		C0FF1600000000000000CF01 /* Config.xcconfig */ = {isa = PBXFileReference; lastKnownFileType = text.xcconfig; path = Config.xcconfig; sourceTree = "<group>"; };
		94514113B5418A9108E161B0 /* ReviewView.swift */ = {isa = PBXFileReference; lastKnownFileType = sourcecode.swift; path = ReviewView.swift; sourceTree = "<group>"; };
		978D73B0701FE2FF6C4C3CA7 /* CookTimerManager.swift */ = {isa = PBXFileReference; lastKnownFileType = sourcecode.swift; path = CookTimerManager.swift; sourceTree = "<group>"; };
		9B900B6CCB0A116CB1F75B38 /* FoodDictionary.swift */ = {isa = PBXFileReference; lastKnownFileType = sourcecode.swift; path = FoodDictionary.swift; sourceTree = "<group>"; };
		9FC95E88D6EEEC8BD4D8AAFD /* DinerProfile.swift */ = {isa = PBXFileReference; lastKnownFileType = sourcecode.swift; path = DinerProfile.swift; sourceTree = "<group>"; };
		A14E7A6471A108F3672BB68B /* ApplianceDetector.swift */ = {isa = PBXFileReference; lastKnownFileType = sourcecode.swift; path = ApplianceDetector.swift; sourceTree = "<group>"; };
		A4E0C3985F6D96FA13D91BBD /* WebPageFetcher.swift */ = {isa = PBXFileReference; lastKnownFileType = sourcecode.swift; path = WebPageFetcher.swift; sourceTree = "<group>"; };
		A61E4C2336B9C1FD67BCA65D /* SousChefTests.xctest */ = {isa = PBXFileReference; includeInIndex = 0; lastKnownFileType = wrapper.cfbundle; path = SousChefTests.xctest; sourceTree = BUILT_PRODUCTS_DIR; };
		A715F4B83B9FDBDD19E10BE6 /* URLRouterTests.swift */ = {isa = PBXFileReference; lastKnownFileType = sourcecode.swift; path = URLRouterTests.swift; sourceTree = "<group>"; };
		A84D65E08565F7B6F18BB383 /* RecipeValidator.swift */ = {isa = PBXFileReference; lastKnownFileType = sourcecode.swift; path = RecipeValidator.swift; sourceTree = "<group>"; };
		AB6927B3D6996D01FA9163A5 /* VideoMetadataFetcher.swift */ = {isa = PBXFileReference; lastKnownFileType = sourcecode.swift; path = VideoMetadataFetcher.swift; sourceTree = "<group>"; };
		BBD4C75A2449648C9F438129 /* ISO8601DurationParser.swift */ = {isa = PBXFileReference; lastKnownFileType = sourcecode.swift; path = ISO8601DurationParser.swift; sourceTree = "<group>"; };
		BD1FE7C3542DE80926979549 /* SousChef.app */ = {isa = PBXFileReference; includeInIndex = 0; lastKnownFileType = wrapper.application; path = SousChef.app; sourceTree = BUILT_PRODUCTS_DIR; };
		C538E0B7BE7465A4B0252561 /* CreatorProfileSearcher.swift */ = {isa = PBXFileReference; lastKnownFileType = sourcecode.swift; path = CreatorProfileSearcher.swift; sourceTree = "<group>"; };
		C56C035BCE2DC97ABF806569 /* DietDefinition.swift */ = {isa = PBXFileReference; lastKnownFileType = sourcecode.swift; path = DietDefinition.swift; sourceTree = "<group>"; };
		CE44BBBFC6D8074C36714074 /* RecipeLibraryView.swift */ = {isa = PBXFileReference; lastKnownFileType = sourcecode.swift; path = RecipeLibraryView.swift; sourceTree = "<group>"; };
		CFC60516D7FE8F9BE2961986 /* Recipe.swift */ = {isa = PBXFileReference; lastKnownFileType = sourcecode.swift; path = Recipe.swift; sourceTree = "<group>"; };
		DB59ADB64230BE82B206FCA7 /* Lora-Bold.ttf */ = {isa = PBXFileReference; lastKnownFileType = file; path = "Lora-Bold.ttf"; sourceTree = "<group>"; };
		DBAFCDAE7424D9755D0E5CB1 /* SousChefApp.swift */ = {isa = PBXFileReference; lastKnownFileType = sourcecode.swift; path = SousChefApp.swift; sourceTree = "<group>"; };
		DCB137BC614BB39A69A9A813 /* CookVoiceController.swift */ = {isa = PBXFileReference; lastKnownFileType = sourcecode.swift; path = CookVoiceController.swift; sourceTree = "<group>"; };
		DF90F98FC541EF3FA381CB38 /* WebRecipeSearcher.swift */ = {isa = PBXFileReference; lastKnownFileType = sourcecode.swift; path = WebRecipeSearcher.swift; sourceTree = "<group>"; };
		DF9ACA7716EC503F142D4F8B /* TranscriptLLMValidator.swift */ = {isa = PBXFileReference; lastKnownFileType = sourcecode.swift; path = TranscriptLLMValidator.swift; sourceTree = "<group>"; };
		E48E434BEE39A52AF6BEC478 /* SimilarRecipePreviewSheet.swift */ = {isa = PBXFileReference; lastKnownFileType = sourcecode.swift; path = SimilarRecipePreviewSheet.swift; sourceTree = "<group>"; };
		E666AFBB609BC5E58EF2B9EE /* Speech.framework */ = {isa = PBXFileReference; lastKnownFileType = wrapper.framework; name = Speech.framework; path = System/Library/Frameworks/Speech.framework; sourceTree = SDKROOT; };
		E935BFAA8A8292B478DA81B0 /* ProfileMatcher.swift */ = {isa = PBXFileReference; lastKnownFileType = sourcecode.swift; path = ProfileMatcher.swift; sourceTree = "<group>"; };
		EA6B0D50C4629247D9083A41 /* IngredientParserTests.swift */ = {isa = PBXFileReference; lastKnownFileType = sourcecode.swift; path = IngredientParserTests.swift; sourceTree = "<group>"; };
		FEED0000000000000000CC02 /* TimerDetectorTests.swift */ = {isa = PBXFileReference; lastKnownFileType = sourcecode.swift; path = TimerDetectorTests.swift; sourceTree = "<group>"; };
		FEED0000000000000000BB02 /* StepSequencerTests.swift */ = {isa = PBXFileReference; lastKnownFileType = sourcecode.swift; path = StepSequencerTests.swift; sourceTree = "<group>"; };
		EB8FAA7CA825A14FBDE26A6C /* TagInputView.swift */ = {isa = PBXFileReference; lastKnownFileType = sourcecode.swift; path = TagInputView.swift; sourceTree = "<group>"; };
/* End PBXFileReference section */

/* Begin PBXFrameworksBuildPhase section */
		EF71425111A83FBF743F57C6 /* Frameworks */ = {
			isa = PBXFrameworksBuildPhase;
			buildActionMask = 2147483647;
			files = (
				347C5FA37FCE86C9FE064055 /* SwiftSoup in Frameworks */,
				DB8955E2B5E4A8E5D32BEFBD /* CloudKit.framework in Frameworks */,
				4B86F9442107F6A7A26EFA4B /* Speech.framework in Frameworks */,
				196D769DA35F5DB734E35CAB /* AVFoundation.framework in Frameworks */,
				A766F0A96DF26B2BCB4D44CF /* NaturalLanguage.framework in Frameworks */,
			);
			runOnlyForDeploymentPostprocessing = 0;
		};
/* End PBXFrameworksBuildPhase section */

/* Begin PBXGroup section */
		033973AAE34323E8A14F0232 /* Frameworks */ = {
			isa = PBXGroup;
			children = (
				1361638A120B61026F00DCC7 /* AVFoundation.framework */,
				07D492E365A4AB46C47203BF /* CloudKit.framework */,
				2D75D10443D97C18648ED646 /* NaturalLanguage.framework */,
				E666AFBB609BC5E58EF2B9EE /* Speech.framework */,
			);
			name = Frameworks;
			sourceTree = "<group>";
		};
		033FA0FE51D47CC8D9ED7CCA /* SousChefTests */ = {
			isa = PBXGroup;
			children = (
				8F0BB97417274CF509B873CF /* SousChefTests.swift */,
				FEED0000000000000000DD03 /* Diet */,
				5768393184279BC0D69AA160 /* Extraction */,
			);
			path = SousChefTests;
			sourceTree = "<group>";
		};
		FEED0000000000000000DD03 /* Diet */ = {
			isa = PBXGroup;
			children = (
				FEED0000000000000000DD02 /* ProfileMatcherTests.swift */,
			);
			path = Diet;
			sourceTree = "<group>";
		};
		0C70B14397CB0F3F0BE592DE /* Conversion */ = {
			isa = PBXGroup;
			children = (
				16D0A762330CBDCD94D938A7 /* IngredientConverter.swift */,
			);
			path = Conversion;
			sourceTree = "<group>";
		};
		0F1FFA69352736BADD127C26 /* Views */ = {
			isa = PBXGroup;
			children = (
				2DE77EF4D3ED40987FB6DD69 /* CompatibilityView.swift */,
				43A1CD6E33671039BE2F1D6F /* CookModeView.swift */,
				8CCCA666B0B957AABF2ED7AB /* DinerProfilesView.swift */,
				7C9FE66F7A96F67B86A4634E /* ImportView.swift */,
				42661EB886B8318D8DEFABFA /* OnboardingView.swift */,
				CE44BBBFC6D8074C36714074 /* RecipeLibraryView.swift */,
				94514113B5418A9108E161B0 /* ReviewView.swift */,
				73FFA52C6877C70560151914 /* RootView.swift */,
				E48E434BEE39A52AF6BEC478 /* SimilarRecipePreviewSheet.swift */,
				EB8FAA7CA825A14FBDE26A6C /* TagInputView.swift */,
			);
			path = Views;
			sourceTree = "<group>";
		};
		3B10124DA2D1A5AA8E40D64A /* Resources */ = {
			isa = PBXGroup;
			children = (
				FA0C7EF9BD953876152C2053 /* Data */,
				9699EB8252B98BA0D26F2705 /* Fonts */,
			);
			path = Resources;
			sourceTree = "<group>";
		};
		416AF47B2A9CEE0F7C3C4BB6 /* Products */ = {
			isa = PBXGroup;
			children = (
				BD1FE7C3542DE80926979549 /* SousChef.app */,
				A61E4C2336B9C1FD67BCA65D /* SousChefTests.xctest */,
			);
			name = Products;
			sourceTree = "<group>";
		};
		5768393184279BC0D69AA160 /* Extraction */ = {
			isa = PBXGroup;
			children = (
				EA6B0D50C4629247D9083A41 /* IngredientParserTests.swift */,
				FEED0000000000000000CC02 /* TimerDetectorTests.swift */,
				FEED0000000000000000BB02 /* StepSequencerTests.swift */,
				A715F4B83B9FDBDD19E10BE6 /* URLRouterTests.swift */,
			);
			path = Extraction;
			sourceTree = "<group>";
		};
		5EAA90B603817B72C3654470 /* Tests */ = {
			isa = PBXGroup;
			children = (
				033FA0FE51D47CC8D9ED7CCA /* SousChefTests */,
			);
			path = Tests;
			sourceTree = "<group>";
		};
		61597B0BA0F54BB5FFAD5583 /* DesignSystem */ = {
			isa = PBXGroup;
			children = (
				8D50B80500111014D6719A3A /* DesignSystem.swift */,
			);
			path = DesignSystem;
			sourceTree = "<group>";
		};
		749EC9F3AF4C348B12D10451 = {
			isa = PBXGroup;
			children = (
				949E58DDAEDF4D96434AFE19 /* Sources */,
				5EAA90B603817B72C3654470 /* Tests */,
				033973AAE34323E8A14F0232 /* Frameworks */,
				416AF47B2A9CEE0F7C3C4BB6 /* Products */,
				C0FF1600000000000000CF01 /* Config.xcconfig */,
			);
			sourceTree = "<group>";
		};
		7A89E999D029BA8A515780C5 /* Models */ = {
			isa = PBXGroup;
			children = (
				C56C035BCE2DC97ABF806569 /* DietDefinition.swift */,
				9FC95E88D6EEEC8BD4D8AAFD /* DinerProfile.swift */,
				CFC60516D7FE8F9BE2961986 /* Recipe.swift */,
			);
			path = Models;
			sourceTree = "<group>";
		};
		803AA4BCA1244F1779E5BD24 /* CookMode */ = {
			isa = PBXGroup;
			children = (
				978D73B0701FE2FF6C4C3CA7 /* CookTimerManager.swift */,
				DCB137BC614BB39A69A9A813 /* CookVoiceController.swift */,
			);
			path = CookMode;
			sourceTree = "<group>";
		};
		949E58DDAEDF4D96434AFE19 /* Sources */ = {
			isa = PBXGroup;
			children = (
				B0A3B1102E17CE6829A5001D /* SousChef */,
			);
			path = Sources;
			sourceTree = "<group>";
		};
		9699EB8252B98BA0D26F2705 /* Fonts */ = {
			isa = PBXGroup;
			children = (
				DB59ADB64230BE82B206FCA7 /* Lora-Bold.ttf */,
				3D243FB3ACC2B31874388203 /* Lora-Regular.ttf */,
				1EE74A288B649F9B1FC783A7 /* Lora-SemiBold.ttf */,
			);
			path = Fonts;
			sourceTree = "<group>";
		};
		A55B94175EF8C3AA7B5191E3 /* Diet */ = {
			isa = PBXGroup;
			children = (
				E935BFAA8A8292B478DA81B0 /* ProfileMatcher.swift */,
				7C621B64319F944043650F8B /* SubstitutionLibrary.swift */,
			);
			path = Diet;
			sourceTree = "<group>";
		};
		B0A3B1102E17CE6829A5001D /* SousChef */ = {
			isa = PBXGroup;
			children = (
				85A8B10CE0B4F19AA0C87E74 /* ContentView.swift */,
				9118C7EB140861CEAD591267 /* Info.plist */,
				647EBB3413A511930A879E0C /* SousChef.entitlements */,
				DBAFCDAE7424D9755D0E5CB1 /* SousChefApp.swift */,
				0C70B14397CB0F3F0BE592DE /* Conversion */,
				803AA4BCA1244F1779E5BD24 /* CookMode */,
				61597B0BA0F54BB5FFAD5583 /* DesignSystem */,
				A55B94175EF8C3AA7B5191E3 /* Diet */,
				DA70D2B8486153EBD5AD31C8 /* Extraction */,
				7A89E999D029BA8A515780C5 /* Models */,
				3B10124DA2D1A5AA8E40D64A /* Resources */,
				0F1FFA69352736BADD127C26 /* Views */,
			);
			path = SousChef;
			sourceTree = "<group>";
		};
		DA70D2B8486153EBD5AD31C8 /* Extraction */ = {
			isa = PBXGroup;
			children = (
				A14E7A6471A108F3672BB68B /* ApplianceDetector.swift */,
				7F7FA7EC42E315D9108E0DAA /* BioLinkResolver.swift */,
				8E9B804037E381B1875A02E5 /* BlogRecipeSearch.swift */,
				124A4D2FF0344B802F56263E /* CaptionAnalyzer.swift */,
				C538E0B7BE7465A4B0252561 /* CreatorProfileSearcher.swift */,
				324369F23CEEC663CA1EA5A0 /* ExtractionPipeline.swift */,
				443FFA2EEDD23F93CCAC6408 /* ExtractionResult.swift */,
				9B900B6CCB0A116CB1F75B38 /* FoodDictionary.swift */,
				3004C4972FFDBE1BE2A0023B /* HeuristicExtractor.swift */,
				644C35F47DEA2B69B329D45D /* IngredientParser.swift */,
				BBD4C75A2449648C9F438129 /* ISO8601DurationParser.swift */,
				01DC8E8C8944E55C1F03DC6D /* LLMExtractor.swift */,
				82FF8F6B3A0D2953DB61A55C /* MicrodataExtractor.swift */,
				D6E7F8091A2B3C4D5E6F7081 /* IngredientAnnotator.swift */,
				7560654AFD354C4655DEEC21 /* MicroStepSplitter.swift */,
				FEED0000000000000000AA02 /* StepSequencer.swift */,
				A84D65E08565F7B6F18BB383 /* RecipeValidator.swift */,
				778C9ACBA83889E0050DC223 /* SchemaOrgExtractor.swift */,
				4868D168C7C6FA747AB44694 /* TranscriptExtractor.swift */,
				3C51C8FF4F069912D4A1F95C /* TranscriptFetcher.swift */,
				DF9ACA7716EC503F142D4F8B /* TranscriptLLMValidator.swift */,
				895AC2D9349872A304AFDCB8 /* URLRouter.swift */,
				AB6927B3D6996D01FA9163A5 /* VideoMetadataFetcher.swift */,
				A4E0C3985F6D96FA13D91BBD /* WebPageFetcher.swift */,
				DF90F98FC541EF3FA381CB38 /* WebRecipeSearcher.swift */,
			);
			path = Extraction;
			sourceTree = "<group>";
		};
/* End PBXGroup section */

/* Begin PBXNativeTarget section */
		1FC8A547E856F2C09D8C84EE /* SousChefTests */ = {
			isa = PBXNativeTarget;
			buildConfigurationList = E01B3977D7443428B6A872E7 /* Build configuration list for PBXNativeTarget "SousChefTests" */;
			buildPhases = (
				3CBCE234D9E1E6DF17AFE145 /* Sources */,
			);
			buildRules = (
			);
			dependencies = (
				A6280FEBDEF3F0F97685ACB0 /* PBXTargetDependency */,
			);
			name = SousChefTests;
			packageProductDependencies = (
			);
			productName = SousChefTests;
			productReference = A61E4C2336B9C1FD67BCA65D /* SousChefTests.xctest */;
			productType = "com.apple.product-type.bundle.unit-test";
		};
		BA7F5A61A975B9E56E325D06 /* SousChef */ = {
			isa = PBXNativeTarget;
			buildConfigurationList = 053E5E96A334A3B378CED607 /* Build configuration list for PBXNativeTarget "SousChef" */;
			buildPhases = (
				0662769F6D10B1A6BC75E25B /* Sources */,
				9DFBCB4930023E4E0095B00D /* Resources */,
				EF71425111A83FBF743F57C6 /* Frameworks */,
			);
			buildRules = (
			);
			dependencies = (
			);
			name = SousChef;
			packageProductDependencies = (
				CE4094BC40CD60A030622ABD /* SwiftSoup */,
			);
			productName = SousChef;
			productReference = BD1FE7C3542DE80926979549 /* SousChef.app */;
			productType = "com.apple.product-type.application";
		};
/* End PBXNativeTarget section */

/* Begin PBXProject section */
		3ED73645DF9AA9F9502F301A /* Project object */ = {
			isa = PBXProject;
			attributes = {
				BuildIndependentTargetsInParallel = YES;
				LastUpgradeCheck = 1600;
				TargetAttributes = {
					BA7F5A61A975B9E56E325D06 = {
						DevelopmentTeam = "";
					};
				};
			};
			buildConfigurationList = CDB592379FB1CDEE6FD8588B /* Build configuration list for PBXProject "SousChef" */;
			developmentRegion = en;
			hasScannedForEncodings = 0;
			knownRegions = (
				Base,
				en,
			);
			mainGroup = 749EC9F3AF4C348B12D10451;
			minimizedProjectReferenceProxies = 1;
			packageReferences = (
				B30FB8A606589E8A693FF2F2 /* XCRemoteSwiftPackageReference "SwiftSoup" */,
			);
			preferredProjectObjectVersion = 77;
			productRefGroup = 416AF47B2A9CEE0F7C3C4BB6 /* Products */;
			projectDirPath = "";
			projectRoot = "";
			targets = (
				BA7F5A61A975B9E56E325D06 /* SousChef */,
				1FC8A547E856F2C09D8C84EE /* SousChefTests */,
			);
		};
/* End PBXProject section */

/* Begin PBXResourcesBuildPhase section */
		9DFBCB4930023E4E0095B00D /* Resources */ = {
			isa = PBXResourcesBuildPhase;
			buildActionMask = 2147483647;
			files = (
				B85588E48D01A0F24BF38630 /* Lora-Bold.ttf in Resources */,
				3D73245B8EE956A066827D6A /* Lora-Regular.ttf in Resources */,
				98ABB4195E38B3EC80555C28 /* Lora-SemiBold.ttf in Resources */,
				FEED0000000000000000DA01 /* Data in Resources */,
			);
			runOnlyForDeploymentPostprocessing = 0;
		};
/* End PBXResourcesBuildPhase section */

/* Begin PBXSourcesBuildPhase section */
		0662769F6D10B1A6BC75E25B /* Sources */ = {
			isa = PBXSourcesBuildPhase;
			buildActionMask = 2147483647;
			files = (
				384F9F1857494EB118A14C2E /* ApplianceDetector.swift in Sources */,
				AF8990BE852D1D55206D198B /* BioLinkResolver.swift in Sources */,
				3F0D7100D6E8FC2664ABF2A4 /* BlogRecipeSearch.swift in Sources */,
				217A8C3E81B3A1B165CBAEB2 /* CaptionAnalyzer.swift in Sources */,
				7874CD4986594D8325900EC9 /* CompatibilityView.swift in Sources */,
				829B9B01AC4156DB59CA364A /* ContentView.swift in Sources */,
				F3DFF5983E8A3920FCD815EB /* CookModeView.swift in Sources */,
				FF7F4CC647BE268DE8447CDC /* CookTimerManager.swift in Sources */,
				78D5C4F0DD6AD2A9699D1F3A /* CookVoiceController.swift in Sources */,
				5B9C35571B118D8386AD4447 /* CreatorProfileSearcher.swift in Sources */,
				AEA99155ABF7813A92A3D68B /* DesignSystem.swift in Sources */,
				862DAB0B881F48164C3C7288 /* DietDefinition.swift in Sources */,
				6251B9CBA7B4C26920D74612 /* DinerProfile.swift in Sources */,
				DAD44762FA7BCEC58675730D /* DinerProfilesView.swift in Sources */,
				464EB83C7C25B1D9370CDC48 /* ExtractionPipeline.swift in Sources */,
				53F6776273EA863FF9B65B9D /* ExtractionResult.swift in Sources */,
				412A1A6487E6E55FEA85044F /* FoodDictionary.swift in Sources */,
				E0837A5412C3972BF9661253 /* HeuristicExtractor.swift in Sources */,
				22C4C03883DB86E008BEF963 /* ISO8601DurationParser.swift in Sources */,
				E12F6B6B1AF34AC660AB347C /* ImportView.swift in Sources */,
				770096E2E77B7A0BE022D571 /* IngredientConverter.swift in Sources */,
				5D1C602B043AD370184C67AE /* IngredientParser.swift in Sources */,
				A023C66ED92EFC1D105BE252 /* LLMExtractor.swift in Sources */,
				A1B2C3D4E5F60718293A4B5C /* IngredientAnnotator.swift in Sources */,
				9E4BF5BA4F11E86F358EF5FF /* MicroStepSplitter.swift in Sources */,
				FEED0000000000000000AA01 /* StepSequencer.swift in Sources */,
				F7063B91A1D41FC33CD2C05C /* MicrodataExtractor.swift in Sources */,
				142E6680617222E6C17C3D2C /* OnboardingView.swift in Sources */,
				1D7F5DD1A0FF9FA993931E04 /* ProfileMatcher.swift in Sources */,
				4C838D2C02B3D66560998B6E /* Recipe.swift in Sources */,
				EFC491F1242047404813ED1F /* RecipeLibraryView.swift in Sources */,
				5AAA4D33D6D64498DFEA7FE4 /* RecipeValidator.swift in Sources */,
				7274E8EDC53759AD77E62D48 /* ReviewView.swift in Sources */,
				F6069329545E157D44AB41CB /* RootView.swift in Sources */,
				87CF41CD4480899D5D932520 /* SchemaOrgExtractor.swift in Sources */,
				DA00F67E30D9541957FE96C0 /* SimilarRecipePreviewSheet.swift in Sources */,
				FA932308D97292B1EB264831 /* SousChefApp.swift in Sources */,
				F5304E687B7BC179FB049DFC /* SubstitutionLibrary.swift in Sources */,
				2B2EDDF3A98BBEF7CB8134E6 /* TagInputView.swift in Sources */,
				80BCB22584CEDB191C379C16 /* TranscriptExtractor.swift in Sources */,
				4D6D22F7062D0D69047BD0B4 /* TranscriptFetcher.swift in Sources */,
				A71D307287F47F12A1420796 /* TranscriptLLMValidator.swift in Sources */,
				69E483A482520AFBBD85568C /* URLRouter.swift in Sources */,
				21A36AEB84A1CF6CF499FD33 /* VideoMetadataFetcher.swift in Sources */,
				E2B7C61A45B1C3E86CF6B4CF /* WebPageFetcher.swift in Sources */,
				2FDC295AC4E64BC6DBC9C4EE /* WebRecipeSearcher.swift in Sources */,
			);
			runOnlyForDeploymentPostprocessing = 0;
		};
		3CBCE234D9E1E6DF17AFE145 /* Sources */ = {
			isa = PBXSourcesBuildPhase;
			buildActionMask = 2147483647;
			files = (
				9F2F8AC90EA6C8D66CB562F6 /* IngredientParserTests.swift in Sources */,
				FEED0000000000000000CC01 /* TimerDetectorTests.swift in Sources */,
				FEED0000000000000000BB01 /* StepSequencerTests.swift in Sources */,
				92FC0703255EBCEBA6ADB8E4 /* SousChefTests.swift in Sources */,
				FEED0000000000000000DD01 /* ProfileMatcherTests.swift in Sources */,
				1D948C56C4D49042509192E0 /* URLRouterTests.swift in Sources */,
			);
			runOnlyForDeploymentPostprocessing = 0;
		};
/* End PBXSourcesBuildPhase section */

/* Begin PBXTargetDependency section */
		A6280FEBDEF3F0F97685ACB0 /* PBXTargetDependency */ = {
			isa = PBXTargetDependency;
			target = BA7F5A61A975B9E56E325D06 /* SousChef */;
			targetProxy = 0605356DF58099C54C151C7F /* PBXContainerItemProxy */;
		};
/* End PBXTargetDependency section */

/* Begin XCBuildConfiguration section */
		25722C33C4A5904590A52289 /* Debug */ = {
			isa = XCBuildConfiguration;
			buildSettings = {
				BUNDLE_LOADER = "$(TEST_HOST)";
				GENERATE_INFOPLIST_FILE = YES;
				IPHONEOS_DEPLOYMENT_TARGET = 17.0;
				LD_RUNPATH_SEARCH_PATHS = (
					"$(inherited)",
					"@executable_path/Frameworks",
					"@loader_path/Frameworks",
				);
				PRODUCT_BUNDLE_IDENTIFIER = com.souschef.tests;
				SDKROOT = iphoneos;
				TARGETED_DEVICE_FAMILY = "1,2";
				TEST_HOST = "$(BUILT_PRODUCTS_DIR)/SousChef.app/SousChef";
			};
			name = Debug;
		};
		2B33C69C61AF708D94189453 /* Debug */ = {
			isa = XCBuildConfiguration;
			buildSettings = {
				ALWAYS_SEARCH_USER_PATHS = NO;
				CLANG_ANALYZER_NONNULL = YES;
				CLANG_ANALYZER_NUMBER_OBJECT_CONVERSION = YES_AGGRESSIVE;
				CLANG_CXX_LANGUAGE_STANDARD = "gnu++14";
				CLANG_CXX_LIBRARY = "libc++";
				CLANG_ENABLE_MODULES = YES;
				CLANG_ENABLE_OBJC_ARC = YES;
				CLANG_ENABLE_OBJC_WEAK = YES;
				CLANG_WARN_BLOCK_CAPTURE_AUTORELEASING = YES;
				CLANG_WARN_BOOL_CONVERSION = YES;
				CLANG_WARN_COMMA = YES;
				CLANG_WARN_CONSTANT_CONVERSION = YES;
				CLANG_WARN_DEPRECATED_OBJC_IMPLEMENTATIONS = YES;
				CLANG_WARN_DIRECT_OBJC_ISA_USAGE = YES_ERROR;
				CLANG_WARN_DOCUMENTATION_COMMENTS = YES;
				CLANG_WARN_EMPTY_BODY = YES;
				CLANG_WARN_ENUM_CONVERSION = YES;
				CLANG_WARN_INFINITE_RECURSION = YES;
				CLANG_WARN_INT_CONVERSION = YES;
				CLANG_WARN_NON_LITERAL_NULL_CONVERSION = YES;
				CLANG_WARN_OBJC_IMPLICIT_RETAIN_SELF = YES;
				CLANG_WARN_OBJC_LITERAL_CONVERSION = YES;
				CLANG_WARN_OBJC_ROOT_CLASS = YES_ERROR;
				CLANG_WARN_QUOTED_INCLUDE_IN_FRAMEWORK_HEADER = YES;
				CLANG_WARN_RANGE_LOOP_ANALYSIS = YES;
				CLANG_WARN_STRICT_PROTOTYPES = YES;
				CLANG_WARN_SUSPICIOUS_MOVE = YES;
				CLANG_WARN_UNGUARDED_AVAILABILITY = YES_AGGRESSIVE;
				CLANG_WARN_UNREACHABLE_CODE = YES;
				CLANG_WARN__DUPLICATE_METHOD_MATCH = YES;
				COPY_PHASE_STRIP = NO;
				DEBUG_INFORMATION_FORMAT = dwarf;
				ENABLE_STRICT_OBJC_MSGSEND = YES;
				ENABLE_TESTABILITY = YES;
				GCC_C_LANGUAGE_STANDARD = gnu11;
				GCC_DYNAMIC_NO_PIC = NO;
				GCC_NO_COMMON_BLOCKS = YES;
				GCC_OPTIMIZATION_LEVEL = 0;
				GCC_PREPROCESSOR_DEFINITIONS = (
					"$(inherited)",
					"DEBUG=1",
				);
				GCC_WARN_64_TO_32_BIT_CONVERSION = YES;
				GCC_WARN_ABOUT_RETURN_TYPE = YES_ERROR;
				GCC_WARN_UNDECLARED_SELECTOR = YES;
				GCC_WARN_UNINITIALIZED_AUTOS = YES_AGGRESSIVE;
				GCC_WARN_UNUSED_FUNCTION = YES;
				GCC_WARN_UNUSED_VARIABLE = YES;
				IPHONEOS_DEPLOYMENT_TARGET = 17.0;
				MTL_ENABLE_DEBUG_INFO = INCLUDE_SOURCE;
				MTL_FAST_MATH = YES;
				ONLY_ACTIVE_ARCH = YES;
				PRODUCT_NAME = "$(TARGET_NAME)";
				SDKROOT = iphoneos;
				SWIFT_ACTIVE_COMPILATION_CONDITIONS = DEBUG;
				SWIFT_OPTIMIZATION_LEVEL = "-Onone";
				SWIFT_VERSION = 5.0;
			};
			name = Debug;
		};
		76F737E482E98407EEAA2ECB /* Release */ = {
			isa = XCBuildConfiguration;
			baseConfigurationReference = C0FF1600000000000000CF01 /* Config.xcconfig */;
			buildSettings = {
				ASSETCATALOG_COMPILER_APPICON_NAME = AppIcon;
				CODE_SIGN_ENTITLEMENTS = Sources/SousChef/SousChef.entitlements;
				CODE_SIGN_IDENTITY = "iPhone Developer";
				CURRENT_PROJECT_VERSION = 1;
				DEBUG_INFORMATION_FORMAT = "dwarf-with-dsym";
				DEVELOPMENT_TEAM = "";
				ENABLE_PREVIEWS = YES;
				INFOPLIST_FILE = Sources/SousChef/Info.plist;
				IPHONEOS_DEPLOYMENT_TARGET = 17.0;
				LD_RUNPATH_SEARCH_PATHS = (
					"$(inherited)",
					"@executable_path/Frameworks",
				);
				MARKETING_VERSION = 1.0.0;
				PRODUCT_BUNDLE_IDENTIFIER = com.souschef.app;
				PRODUCT_NAME = SousChef;
				SDKROOT = iphoneos;
				SUPPORTS_MACCATALYST = NO;
				SWIFT_OPTIMIZATION_LEVEL = "-O";
				SWIFT_VERSION = 6.0;
				TARGETED_DEVICE_FAMILY = 1;
			};
			name = Release;
		};
		8ED5FDD7D1BE7619B2725463 /* Release */ = {
			isa = XCBuildConfiguration;
			buildSettings = {
				ALWAYS_SEARCH_USER_PATHS = NO;
				CLANG_ANALYZER_NONNULL = YES;
				CLANG_ANALYZER_NUMBER_OBJECT_CONVERSION = YES_AGGRESSIVE;
				CLANG_CXX_LANGUAGE_STANDARD = "gnu++14";
				CLANG_CXX_LIBRARY = "libc++";
				CLANG_ENABLE_MODULES = YES;
				CLANG_ENABLE_OBJC_ARC = YES;
				CLANG_ENABLE_OBJC_WEAK = YES;
				CLANG_WARN_BLOCK_CAPTURE_AUTORELEASING = YES;
				CLANG_WARN_BOOL_CONVERSION = YES;
				CLANG_WARN_COMMA = YES;
				CLANG_WARN_CONSTANT_CONVERSION = YES;
				CLANG_WARN_DEPRECATED_OBJC_IMPLEMENTATIONS = YES;
				CLANG_WARN_DIRECT_OBJC_ISA_USAGE = YES_ERROR;
				CLANG_WARN_DOCUMENTATION_COMMENTS = YES;
				CLANG_WARN_EMPTY_BODY = YES;
				CLANG_WARN_ENUM_CONVERSION = YES;
				CLANG_WARN_INFINITE_RECURSION = YES;
				CLANG_WARN_INT_CONVERSION = YES;
				CLANG_WARN_NON_LITERAL_NULL_CONVERSION = YES;
				CLANG_WARN_OBJC_IMPLICIT_RETAIN_SELF = YES;
				CLANG_WARN_OBJC_LITERAL_CONVERSION = YES;
				CLANG_WARN_OBJC_ROOT_CLASS = YES_ERROR;
				CLANG_WARN_QUOTED_INCLUDE_IN_FRAMEWORK_HEADER = YES;
				CLANG_WARN_RANGE_LOOP_ANALYSIS = YES;
				CLANG_WARN_STRICT_PROTOTYPES = YES;
				CLANG_WARN_SUSPICIOUS_MOVE = YES;
				CLANG_WARN_UNGUARDED_AVAILABILITY = YES_AGGRESSIVE;
				CLANG_WARN_UNREACHABLE_CODE = YES;
				CLANG_WARN__DUPLICATE_METHOD_MATCH = YES;
				COPY_PHASE_STRIP = NO;
				DEBUG_INFORMATION_FORMAT = "dwarf-with-dsym";
				ENABLE_NS_ASSERTIONS = NO;
				ENABLE_STRICT_OBJC_MSGSEND = YES;
				GCC_C_LANGUAGE_STANDARD = gnu11;
				GCC_NO_COMMON_BLOCKS = YES;
				GCC_WARN_64_TO_32_BIT_CONVERSION = YES;
				GCC_WARN_ABOUT_RETURN_TYPE = YES_ERROR;
				GCC_WARN_UNDECLARED_SELECTOR = YES;
				GCC_WARN_UNINITIALIZED_AUTOS = YES_AGGRESSIVE;
				GCC_WARN_UNUSED_FUNCTION = YES;
				GCC_WARN_UNUSED_VARIABLE = YES;
				IPHONEOS_DEPLOYMENT_TARGET = 17.0;
				MTL_ENABLE_DEBUG_INFO = NO;
				MTL_FAST_MATH = YES;
				PRODUCT_NAME = "$(TARGET_NAME)";
				SDKROOT = iphoneos;
				SWIFT_COMPILATION_MODE = wholemodule;
				SWIFT_OPTIMIZATION_LEVEL = "-O";
				SWIFT_VERSION = 5.0;
			};
			name = Release;
		};
		B630C36272BDD8D37EB77122 /* Debug */ = {
			isa = XCBuildConfiguration;
			baseConfigurationReference = C0FF1600000000000000CF01 /* Config.xcconfig */;
			buildSettings = {
				ASSETCATALOG_COMPILER_APPICON_NAME = AppIcon;
				CODE_SIGN_ENTITLEMENTS = Sources/SousChef/SousChef.entitlements;
				CODE_SIGN_IDENTITY = "iPhone Developer";
				CURRENT_PROJECT_VERSION = 1;
				DEBUG_INFORMATION_FORMAT = dwarf;
				DEVELOPMENT_TEAM = "";
				ENABLE_PREVIEWS = YES;
				INFOPLIST_FILE = Sources/SousChef/Info.plist;
				IPHONEOS_DEPLOYMENT_TARGET = 17.0;
				LD_RUNPATH_SEARCH_PATHS = (
					"$(inherited)",
					"@executable_path/Frameworks",
				);
				MARKETING_VERSION = 1.0.0;
				PRODUCT_BUNDLE_IDENTIFIER = com.souschef.app;
				PRODUCT_NAME = SousChef;
				SDKROOT = iphoneos;
				SUPPORTS_MACCATALYST = NO;
				SWIFT_OPTIMIZATION_LEVEL = "-Onone";
				SWIFT_VERSION = 6.0;
				TARGETED_DEVICE_FAMILY = 1;
			};
			name = Debug;
		};
		CC2D008ACB8D296C40B1518E /* Release */ = {
			isa = XCBuildConfiguration;
			buildSettings = {
				BUNDLE_LOADER = "$(TEST_HOST)";
				GENERATE_INFOPLIST_FILE = YES;
				IPHONEOS_DEPLOYMENT_TARGET = 17.0;
				LD_RUNPATH_SEARCH_PATHS = (
					"$(inherited)",
					"@executable_path/Frameworks",
					"@loader_path/Frameworks",
				);
				PRODUCT_BUNDLE_IDENTIFIER = com.souschef.tests;
				SDKROOT = iphoneos;
				TARGETED_DEVICE_FAMILY = "1,2";
				TEST_HOST = "$(BUILT_PRODUCTS_DIR)/SousChef.app/SousChef";
			};
			name = Release;
		};
/* End XCBuildConfiguration section */

/* Begin XCConfigurationList section */
		053E5E96A334A3B378CED607 /* Build configuration list for PBXNativeTarget "SousChef" */ = {
			isa = XCConfigurationList;
			buildConfigurations = (
				B630C36272BDD8D37EB77122 /* Debug */,
				76F737E482E98407EEAA2ECB /* Release */,
			);
			defaultConfigurationIsVisible = 0;
			defaultConfigurationName = Debug;
		};
		CDB592379FB1CDEE6FD8588B /* Build configuration list for PBXProject "SousChef" */ = {
			isa = XCConfigurationList;
			buildConfigurations = (
				2B33C69C61AF708D94189453 /* Debug */,
				8ED5FDD7D1BE7619B2725463 /* Release */,
			);
			defaultConfigurationIsVisible = 0;
			defaultConfigurationName = Debug;
		};
		E01B3977D7443428B6A872E7 /* Build configuration list for PBXNativeTarget "SousChefTests" */ = {
			isa = XCConfigurationList;
			buildConfigurations = (
				25722C33C4A5904590A52289 /* Debug */,
				CC2D008ACB8D296C40B1518E /* Release */,
			);
			defaultConfigurationIsVisible = 0;
			defaultConfigurationName = Debug;
		};
/* End XCConfigurationList section */

/* Begin XCRemoteSwiftPackageReference section */
		B30FB8A606589E8A693FF2F2 /* XCRemoteSwiftPackageReference "SwiftSoup" */ = {
			isa = XCRemoteSwiftPackageReference;
			repositoryURL = "https://github.com/scinfu/SwiftSoup.git";
			requirement = {
				kind = upToNextMajorVersion;
				minimumVersion = 2.7.0;
			};
		};
/* End XCRemoteSwiftPackageReference section */

/* Begin XCSwiftPackageProductDependency section */
		CE4094BC40CD60A030622ABD /* SwiftSoup */ = {
			isa = XCSwiftPackageProductDependency;
			package = B30FB8A606589E8A693FF2F2 /* XCRemoteSwiftPackageReference "SwiftSoup" */;
			productName = SwiftSoup;
		};
/* End XCSwiftPackageProductDependency section */
	};
	rootObject = 3ED73645DF9AA9F9502F301A /* Project object */;
}
