// !$*UTF8*$!
{
	archiveVersion = 1;
	classes = {
	};
	objectVersion = 77;
	objects = {

/* Begin PBXBuildFile section */
		196D769DA35F5DB734E35CAB /* AVFoundation.framework in Frameworks */ = {isa = PBXBuildFile; fileRef = 1361638A120B61026F00DCC7 /* AVFoundation.framework */; };
		1D948C56C4D49042509192E0 /* URLRouterTests.swift in Sources */ = {isa = PBXBuildFile; fileRef = A715F4B83B9FDBDD19E10BE6 /* URLRouterTests.swift */; };
		347C5FA37FCE86C9FE064055 /* SwiftSoup in Frameworks */ = {isa = PBXBuildFile; productRef = CE4094BC40CD60A030622ABD /* SwiftSoup */; };
		3D73245B8EE956A066827D6A /* Lora-Regular.ttf in Resources */ = {isa = PBXBuildFile; fileRef = 3D243FB3ACC2B31874388203 /* Lora-Regular.ttf */; };
		4B86F9442107F6A7A26EFA4B /* Speech.framework in Frameworks */ = {isa = PBXBuildFile; fileRef = E666AFBB609BC5E58EF2B9EE /* Speech.framework */; };
		4C838D2C02B3D66560998B6E /* Recipe.swift in Sources */ = {isa = PBXBuildFile; fileRef = CFC60516D7FE8F9BE2961986 /* Recipe.swift */; };
		6251B9CBA7B4C26920D74612 /* DinerProfile.swift in Sources */ = {isa = PBXBuildFile; fileRef = 9FC95E88D6EEEC8BD4D8AAFD /* DinerProfile.swift */; };
		69E483A482520AFBBD85568C /* URLRouter.swift in Sources */ = {isa = PBXBuildFile; fileRef = 895AC2D9349872A304AFDCB8 /* URLRouter.swift */; };
		829B9B01AC4156DB59CA364A /* ContentView.swift in Sources */ = {isa = PBXBuildFile; fileRef = 85A8B10CE0B4F19AA0C87E74 /* ContentView.swift */; };
		92FC0703255EBCEBA6ADB8E4 /* SousChefTests.swift in Sources */ = {isa = PBXBuildFile; fileRef = 8F0BB97417274CF509B873CF /* SousChefTests.swift */; };
		98ABB4195E38B3EC80555C28 /* Lora-SemiBold.ttf in Resources */ = {isa = PBXBuildFile; fileRef = 1EE74A288B649F9B1FC783A7 /* Lora-SemiBold.ttf */; };
		A766F0A96DF26B2BCB4D44CF /* NaturalLanguage.framework in Frameworks */ = {isa = PBXBuildFile; fileRef = 2D75D10443D97C18648ED646 /* NaturalLanguage.framework */; };
		AEA99155ABF7813A92A3D68B /* DesignSystem.swift in Sources */ = {isa = PBXBuildFile; fileRef = 8D50B80500111014D6719A3A /* DesignSystem.swift */; };
		B85588E48D01A0F24BF38630 /* Lora-Bold.ttf in Resources */ = {isa = PBXBuildFile; fileRef = DB59ADB64230BE82B206FCA7 /* Lora-Bold.ttf */; };
		DB8955E2B5E4A8E5D32BEFBD /* CloudKit.framework in Frameworks */ = {isa = PBXBuildFile; fileRef = 07D492E365A4AB46C47203BF /* CloudKit.framework */; };
		FA932308D97292B1EB264831 /* SousChefApp.swift in Sources */ = {isa = PBXBuildFile; fileRef = DBAFCDAE7424D9755D0E5CB1 /* SousChefApp.swift */; };
/* End PBXBuildFile section */

/* Begin PBXContainerItemProxy section */
		0605356DF58099C54C151C7F /* PBXContainerItemProxy */ = {
			isa = PBXContainerItemProxy;
			containerPortal = 3ED73645DF9AA9F9502F301A /* Project object */;
			proxyType = 1;
			remoteGlobalIDString = BA7F5A61A975B9E56E325D06;
			remoteInfo = SousChef;
		};
/* End PBXContainerItemProxy section */

/* Begin PBXFileReference section */
		07D492E365A4AB46C47203BF /* CloudKit.framework */ = {isa = PBXFileReference; lastKnownFileType = wrapper.framework; name = CloudKit.framework; path = System/Library/Frameworks/CloudKit.framework; sourceTree = SDKROOT; };
		1361638A120B61026F00DCC7 /* AVFoundation.framework */ = {isa = PBXFileReference; lastKnownFileType = wrapper.framework; name = AVFoundation.framework; path = System/Library/Frameworks/AVFoundation.framework; sourceTree = SDKROOT; };
		1EE74A288B649F9B1FC783A7 /* Lora-SemiBold.ttf */ = {isa = PBXFileReference; lastKnownFileType = file; path = "Lora-SemiBold.ttf"; sourceTree = "<group>"; };
		2D75D10443D97C18648ED646 /* NaturalLanguage.framework */ = {isa = PBXFileReference; lastKnownFileType = wrapper.framework; name = NaturalLanguage.framework; path = System/Library/Frameworks/NaturalLanguage.framework; sourceTree = SDKROOT; };
		3D243FB3ACC2B31874388203 /* Lora-Regular.ttf */ = {isa = PBXFileReference; lastKnownFileType = file; path = "Lora-Regular.ttf"; sourceTree = "<group>"; };
		647EBB3413A511930A879E0C /* SousChef.entitlements */ = {isa = PBXFileReference; lastKnownFileType = text.plist.entitlements; path = SousChef.entitlements; sourceTree = "<group>"; };
		85A8B10CE0B4F19AA0C87E74 /* ContentView.swift */ = {isa = PBXFileReference; lastKnownFileType = sourcecode.swift; path = ContentView.swift; sourceTree = "<group>"; };
		895AC2D9349872A304AFDCB8 /* URLRouter.swift */ = {isa = PBXFileReference; lastKnownFileType = sourcecode.swift; path = URLRouter.swift; sourceTree = "<group>"; };
		8D50B80500111014D6719A3A /* DesignSystem.swift */ = {isa = PBXFileReference; lastKnownFileType = sourcecode.swift; path = DesignSystem.swift; sourceTree = "<group>"; };
		8F0BB97417274CF509B873CF /* SousChefTests.swift */ = {isa = PBXFileReference; lastKnownFileType = sourcecode.swift; path = SousChefTests.swift; sourceTree = "<group>"; };
		9118C7EB140861CEAD591267 /* Info.plist */ = {isa = PBXFileReference; lastKnownFileType = text.plist; path = Info.plist; sourceTree = "<group>"; };
		9FC95E88D6EEEC8BD4D8AAFD /* DinerProfile.swift */ = {isa = PBXFileReference; lastKnownFileType = sourcecode.swift; path = DinerProfile.swift; sourceTree = "<group>"; };
		A61E4C2336B9C1FD67BCA65D /* SousChefTests.xctest */ = {isa = PBXFileReference; includeInIndex = 0; lastKnownFileType = wrapper.cfbundle; path = SousChefTests.xctest; sourceTree = BUILT_PRODUCTS_DIR; };
		A715F4B83B9FDBDD19E10BE6 /* URLRouterTests.swift */ = {isa = PBXFileReference; lastKnownFileType = sourcecode.swift; path = URLRouterTests.swift; sourceTree = "<group>"; };
		BD1FE7C3542DE80926979549 /* SousChef.app */ = {isa = PBXFileReference; includeInIndex = 0; lastKnownFileType = wrapper.application; path = SousChef.app; sourceTree = BUILT_PRODUCTS_DIR; };
		CFC60516D7FE8F9BE2961986 /* Recipe.swift */ = {isa = PBXFileReference; lastKnownFileType = sourcecode.swift; path = Recipe.swift; sourceTree = "<group>"; };
		DB59ADB64230BE82B206FCA7 /* Lora-Bold.ttf */ = {isa = PBXFileReference; lastKnownFileType = file; path = "Lora-Bold.ttf"; sourceTree = "<group>"; };
		DBAFCDAE7424D9755D0E5CB1 /* SousChefApp.swift */ = {isa = PBXFileReference; lastKnownFileType = sourcecode.swift; path = SousChefApp.swift; sourceTree = "<group>"; };
		E666AFBB609BC5E58EF2B9EE /* Speech.framework */ = {isa = PBXFileReference; lastKnownFileType = wrapper.framework; name = Speech.framework; path = System/Library/Frameworks/Speech.framework; sourceTree = SDKROOT; };
/* End PBXFileReference section */

/* Begin PBXFrameworksBuildPhase section */
		EF71425111A83FBF743F57C6 /* Frameworks */ = {
			isa = PBXFrameworksBuildPhase;
			buildActionMask = 2147483647;
			files = (
				347C5FA37FCE86C9FE064055 /* SwiftSoup in Frameworks */,
				DB8955E2B5E4A8E5D32BEFBD /* CloudKit.framework in Frameworks */,
				4B86F9442107F6A7A26EFA4B /* Speech.framework in Frameworks */,
				196D769DA35F5DB734E35CAB /* AVFoundation.framework in Frameworks */,
				A766F0A96DF26B2BCB4D44CF /* NaturalLanguage.framework in Frameworks */,
			);
			runOnlyForDeploymentPostprocessing = 0;
		};
/* End PBXFrameworksBuildPhase section */

/* Begin PBXGroup section */
		033973AAE34323E8A14F0232 /* Frameworks */ = {
			isa = PBXGroup;
			children = (
				1361638A120B61026F00DCC7 /* AVFoundation.framework */,
				07D492E365A4AB46C47203BF /* CloudKit.framework */,
				2D75D10443D97C18648ED646 /* NaturalLanguage.framework */,
				E666AFBB609BC5E58EF2B9EE /* Speech.framework */,
			);
			name = Frameworks;
			sourceTree = "<group>";
		};
		033FA0FE51D47CC8D9ED7CCA /* SousChefTests */ = {
			isa = PBXGroup;
			children = (
				8F0BB97417274CF509B873CF /* SousChefTests.swift */,
				5768393184279BC0D69AA160 /* Extraction */,
			);
			path = SousChefTests;
			sourceTree = "<group>";
		};
		3B10124DA2D1A5AA8E40D64A /* Resources */ = {
			isa = PBXGroup;
			children = (
				9699EB8252B98BA0D26F2705 /* Fonts */,
			);
			path = Resources;
			sourceTree = "<group>";
		};
		416AF47B2A9CEE0F7C3C4BB6 /* Products */ = {
			isa = PBXGroup;
			children = (
				BD1FE7C3542DE80926979549 /* SousChef.app */,
				A61E4C2336B9C1FD67BCA65D /* SousChefTests.xctest */,
			);
			name = Products;
			sourceTree = "<group>";
		};
		5768393184279BC0D69AA160 /* Extraction */ = {
			isa = PBXGroup;
			children = (
				A715F4B83B9FDBDD19E10BE6 /* URLRouterTests.swift */,
			);
			path = Extraction;
			sourceTree = "<group>";
		};
		5EAA90B603817B72C3654470 /* Tests */ = {
			isa = PBXGroup;
			children = (
				033FA0FE51D47CC8D9ED7CCA /* SousChefTests */,
			);
			path = Tests;
			sourceTree = "<group>";
		};
		61597B0BA0F54BB5FFAD5583 /* DesignSystem */ = {
			isa = PBXGroup;
			children = (
				8D50B80500111014D6719A3A /* DesignSystem.swift */,
			);
			path = DesignSystem;
			sourceTree = "<group>";
		};
		749EC9F3AF4C348B12D10451 = {
			isa = PBXGroup;
			children = (
				949E58DDAEDF4D96434AFE19 /* Sources */,
				5EAA90B603817B72C3654470 /* Tests */,
				033973AAE34323E8A14F0232 /* Frameworks */,
				416AF47B2A9CEE0F7C3C4BB6 /* Products */,
			);
			sourceTree = "<group>";
		};
		7A89E999D029BA8A515780C5 /* Models */ = {
			isa = PBXGroup;
			children = (
				9FC95E88D6EEEC8BD4D8AAFD /* DinerProfile.swift */,
				CFC60516D7FE8F9BE2961986 /* Recipe.swift */,
			);
			path = Models;
			sourceTree = "<group>";
		};
		949E58DDAEDF4D96434AFE19 /* Sources */ = {
			isa = PBXGroup;
			children = (
				B0A3B1102E17CE6829A5001D /* SousChef */,
			);
			path = Sources;
			sourceTree = "<group>";
		};
		9699EB8252B98BA0D26F2705 /* Fonts */ = {
			isa = PBXGroup;
			children = (
				DB59ADB64230BE82B206FCA7 /* Lora-Bold.ttf */,
				3D243FB3ACC2B31874388203 /* Lora-Regular.ttf */,
				1EE74A288B649F9B1FC783A7 /* Lora-SemiBold.ttf */,
			);
			path = Fonts;
			sourceTree = "<group>";
		};
		B0A3B1102E17CE6829A5001D /* SousChef */ = {
			isa = PBXGroup;
			children = (
				85A8B10CE0B4F19AA0C87E74 /* ContentView.swift */,
				9118C7EB140861CEAD591267 /* Info.plist */,
				647EBB3413A511930A879E0C /* SousChef.entitlements */,
				DBAFCDAE7424D9755D0E5CB1 /* SousChefApp.swift */,
				61597B0BA0F54BB5FFAD5583 /* DesignSystem */,
				DA70D2B8486153EBD5AD31C8 /* Extraction */,
				7A89E999D029BA8A515780C5 /* Models */,
				3B10124DA2D1A5AA8E40D64A /* Resources */,
			);
			path = SousChef;
			sourceTree = "<group>";
		};
		DA70D2B8486153EBD5AD31C8 /* Extraction */ = {
			isa = PBXGroup;
			children = (
				895AC2D9349872A304AFDCB8 /* URLRouter.swift */,
			);
			path = Extraction;
			sourceTree = "<group>";
		};
/* End PBXGroup section */

/* Begin PBXNativeTarget section */
		1FC8A547E856F2C09D8C84EE /* SousChefTests */ = {
			isa = PBXNativeTarget;
			buildConfigurationList = E01B3977D7443428B6A872E7 /* Build configuration list for PBXNativeTarget "SousChefTests" */;
			buildPhases = (
				3CBCE234D9E1E6DF17AFE145 /* Sources */,
			);
			buildRules = (
			);
			dependencies = (
				A6280FEBDEF3F0F97685ACB0 /* PBXTargetDependency */,
			);
			name = SousChefTests;
			packageProductDependencies = (
			);
			productName = SousChefTests;
			productReference = A61E4C2336B9C1FD67BCA65D /* SousChefTests.xctest */;
			productType = "com.apple.product-type.bundle.unit-test";
		};
		BA7F5A61A975B9E56E325D06 /* SousChef */ = {
			isa = PBXNativeTarget;
			buildConfigurationList = 053E5E96A334A3B378CED607 /* Build configuration list for PBXNativeTarget "SousChef" */;
			buildPhases = (
				0662769F6D10B1A6BC75E25B /* Sources */,
				9DFBCB4930023E4E0095B00D /* Resources */,
				EF71425111A83FBF743F57C6 /* Frameworks */,
			);
			buildRules = (
			);
			dependencies = (
			);
			name = SousChef;
			packageProductDependencies = (
				CE4094BC40CD60A030622ABD /* SwiftSoup */,
			);
			productName = SousChef;
			productReference = BD1FE7C3542DE80926979549 /* SousChef.app */;
			productType = "com.apple.product-type.application";
		};
/* End PBXNativeTarget section */

/* Begin PBXProject section */
		3ED73645DF9AA9F9502F301A /* Project object */ = {
			isa = PBXProject;
			attributes = {
				BuildIndependentTargetsInParallel = YES;
				LastUpgradeCheck = 1600;
				TargetAttributes = {
					BA7F5A61A975B9E56E325D06 = {
						DevelopmentTeam = "";
					};
				};
			};
			buildConfigurationList = CDB592379FB1CDEE6FD8588B /* Build configuration list for PBXProject "SousChef" */;
			developmentRegion = en;
			hasScannedForEncodings = 0;
			knownRegions = (
				Base,
				en,
			);
			mainGroup = 749EC9F3AF4C348B12D10451;
			minimizedProjectReferenceProxies = 1;
			packageReferences = (
				B30FB8A606589E8A693FF2F2 /* XCRemoteSwiftPackageReference "SwiftSoup" */,
			);
			preferredProjectObjectVersion = 77;
			productRefGroup = 416AF47B2A9CEE0F7C3C4BB6 /* Products */;
			projectDirPath = "";
			projectRoot = "";
			targets = (
				BA7F5A61A975B9E56E325D06 /* SousChef */,
				1FC8A547E856F2C09D8C84EE /* SousChefTests */,
			);
		};
/* End PBXProject section */

/* Begin PBXResourcesBuildPhase section */
		9DFBCB4930023E4E0095B00D /* Resources */ = {
			isa = PBXResourcesBuildPhase;
			buildActionMask = 2147483647;
			files = (
				B85588E48D01A0F24BF38630 /* Lora-Bold.ttf in Resources */,
				3D73245B8EE956A066827D6A /* Lora-Regular.ttf in Resources */,
				98ABB4195E38B3EC80555C28 /* Lora-SemiBold.ttf in Resources */,
			);
			runOnlyForDeploymentPostprocessing = 0;
		};
/* End PBXResourcesBuildPhase section */

/* Begin PBXSourcesBuildPhase section */
		0662769F6D10B1A6BC75E25B /* Sources */ = {
			isa = PBXSourcesBuildPhase;
			buildActionMask = 2147483647;
			files = (
				829B9B01AC4156DB59CA364A /* ContentView.swift in Sources */,
				AEA99155ABF7813A92A3D68B /* DesignSystem.swift in Sources */,
				6251B9CBA7B4C26920D74612 /* DinerProfile.swift in Sources */,
				4C838D2C02B3D66560998B6E /* Recipe.swift in Sources */,
				FA932308D97292B1EB264831 /* SousChefApp.swift in Sources */,
				69E483A482520AFBBD85568C /* URLRouter.swift in Sources */,
			);
			runOnlyForDeploymentPostprocessing = 0;
		};
		3CBCE234D9E1E6DF17AFE145 /* Sources */ = {
			isa = PBXSourcesBuildPhase;
			buildActionMask = 2147483647;
			files = (
				92FC0703255EBCEBA6ADB8E4 /* SousChefTests.swift in Sources */,
				1D948C56C4D49042509192E0 /* URLRouterTests.swift in Sources */,
			);
			runOnlyForDeploymentPostprocessing = 0;
		};
/* End PBXSourcesBuildPhase section */

/* Begin PBXTargetDependency section */
		A6280FEBDEF3F0F97685ACB0 /* PBXTargetDependency */ = {
			isa = PBXTargetDependency;
			target = BA7F5A61A975B9E56E325D06 /* SousChef */;
			targetProxy = 0605356DF58099C54C151C7F /* PBXContainerItemProxy */;
		};
/* End PBXTargetDependency section */

/* Begin XCBuildConfiguration section */
		25722C33C4A5904590A52289 /* Debug */ = {
			isa = XCBuildConfiguration;
			buildSettings = {
				BUNDLE_LOADER = "$(TEST_HOST)";
				GENERATE_INFOPLIST_FILE = YES;
				IPHONEOS_DEPLOYMENT_TARGET = 17.0;
				LD_RUNPATH_SEARCH_PATHS = (
					"$(inherited)",
					"@executable_path/Frameworks",
					"@loader_path/Frameworks",
				);
				PRODUCT_BUNDLE_IDENTIFIER = com.souschef.tests;
				SDKROOT = iphoneos;
				TARGETED_DEVICE_FAMILY = "1,2";
				TEST_HOST = "$(BUILT_PRODUCTS_DIR)/SousChef.app/SousChef";
			};
			name = Debug;
		};
		2B33C69C61AF708D94189453 /* Debug */ = {
			isa = XCBuildConfiguration;
			buildSettings = {
				ALWAYS_SEARCH_USER_PATHS = NO;
				CLANG_ANALYZER_NONNULL = YES;
				CLANG_ANALYZER_NUMBER_OBJECT_CONVERSION = YES_AGGRESSIVE;
				CLANG_CXX_LANGUAGE_STANDARD = "gnu++14";
				CLANG_CXX_LIBRARY = "libc++";
				CLANG_ENABLE_MODULES = YES;
				CLANG_ENABLE_OBJC_ARC = YES;
				CLANG_ENABLE_OBJC_WEAK = YES;
				CLANG_WARN_BLOCK_CAPTURE_AUTORELEASING = YES;
				CLANG_WARN_BOOL_CONVERSION = YES;
				CLANG_WARN_COMMA = YES;
				CLANG_WARN_CONSTANT_CONVERSION = YES;
				CLANG_WARN_DEPRECATED_OBJC_IMPLEMENTATIONS = YES;
				CLANG_WARN_DIRECT_OBJC_ISA_USAGE = YES_ERROR;
				CLANG_WARN_DOCUMENTATION_COMMENTS = YES;
				CLANG_WARN_EMPTY_BODY = YES;
				CLANG_WARN_ENUM_CONVERSION = YES;
				CLANG_WARN_INFINITE_RECURSION = YES;
				CLANG_WARN_INT_CONVERSION = YES;
				CLANG_WARN_NON_LITERAL_NULL_CONVERSION = YES;
				CLANG_WARN_OBJC_IMPLICIT_RETAIN_SELF = YES;
				CLANG_WARN_OBJC_LITERAL_CONVERSION = YES;
				CLANG_WARN_OBJC_ROOT_CLASS = YES_ERROR;
				CLANG_WARN_QUOTED_INCLUDE_IN_FRAMEWORK_HEADER = YES;
				CLANG_WARN_RANGE_LOOP_ANALYSIS = YES;
				CLANG_WARN_STRICT_PROTOTYPES = YES;
				CLANG_WARN_SUSPICIOUS_MOVE = YES;
				CLANG_WARN_UNGUARDED_AVAILABILITY = YES_AGGRESSIVE;
				CLANG_WARN_UNREACHABLE_CODE = YES;
				CLANG_WARN__DUPLICATE_METHOD_MATCH = YES;
				COPY_PHASE_STRIP = NO;
				DEBUG_INFORMATION_FORMAT = dwarf;
				ENABLE_STRICT_OBJC_MSGSEND = YES;
				ENABLE_TESTABILITY = YES;
				GCC_C_LANGUAGE_STANDARD = gnu11;
				GCC_DYNAMIC_NO_PIC = NO;
				GCC_NO_COMMON_BLOCKS = YES;
				GCC_OPTIMIZATION_LEVEL = 0;
				GCC_PREPROCESSOR_DEFINITIONS = (
					"$(inherited)",
					"DEBUG=1",
				);
				GCC_WARN_64_TO_32_BIT_CONVERSION = YES;
				GCC_WARN_ABOUT_RETURN_TYPE = YES_ERROR;
				GCC_WARN_UNDECLARED_SELECTOR = YES;
				GCC_WARN_UNINITIALIZED_AUTOS = YES_AGGRESSIVE;
				GCC_WARN_UNUSED_FUNCTION = YES;
				GCC_WARN_UNUSED_VARIABLE = YES;
				IPHONEOS_DEPLOYMENT_TARGET = 17.0;
				MTL_ENABLE_DEBUG_INFO = INCLUDE_SOURCE;
				MTL_FAST_MATH = YES;
				ONLY_ACTIVE_ARCH = YES;
				PRODUCT_NAME = "$(TARGET_NAME)";
				SDKROOT = iphoneos;
				SWIFT_ACTIVE_COMPILATION_CONDITIONS = DEBUG;
				SWIFT_OPTIMIZATION_LEVEL = "-Onone";
				SWIFT_VERSION = 5.0;
			};
			name = Debug;
		};
		76F737E482E98407EEAA2ECB /* Release */ = {
			isa = XCBuildConfiguration;
			buildSettings = {
				ASSETCATALOG_COMPILER_APPICON_NAME = AppIcon;
				CODE_SIGN_ENTITLEMENTS = Sources/SousChef/SousChef.entitlements;
				CODE_SIGN_IDENTITY = "iPhone Developer";
				CURRENT_PROJECT_VERSION = 1;
				DEBUG_INFORMATION_FORMAT = "dwarf-with-dsym";
				DEVELOPMENT_TEAM = "";
				ENABLE_PREVIEWS = YES;
				INFOPLIST_FILE = Sources/SousChef/Info.plist;
				IPHONEOS_DEPLOYMENT_TARGET = 17.0;
				LD_RUNPATH_SEARCH_PATHS = (
					"$(inherited)",
					"@executable_path/Frameworks",
				);
				MARKETING_VERSION = 1.0.0;
				PRODUCT_BUNDLE_IDENTIFIER = com.souschef.app;
				PRODUCT_NAME = SousChef;
				SDKROOT = iphoneos;
				SUPPORTS_MACCATALYST = NO;
				SWIFT_OPTIMIZATION_LEVEL = "-O";
				SWIFT_VERSION = 6.0;
				TARGETED_DEVICE_FAMILY = 1;
			};
			name = Release;
		};
		8ED5FDD7D1BE7619B2725463 /* Release */ = {
			isa = XCBuildConfiguration;
			buildSettings = {
				ALWAYS_SEARCH_USER_PATHS = NO;
				CLANG_ANALYZER_NONNULL = YES;
				CLANG_ANALYZER_NUMBER_OBJECT_CONVERSION = YES_AGGRESSIVE;
				CLANG_CXX_LANGUAGE_STANDARD = "gnu++14";
				CLANG_CXX_LIBRARY = "libc++";
				CLANG_ENABLE_MODULES = YES;
				CLANG_ENABLE_OBJC_ARC = YES;
				CLANG_ENABLE_OBJC_WEAK = YES;
				CLANG_WARN_BLOCK_CAPTURE_AUTORELEASING = YES;
				CLANG_WARN_BOOL_CONVERSION = YES;
				CLANG_WARN_COMMA = YES;
				CLANG_WARN_CONSTANT_CONVERSION = YES;
				CLANG_WARN_DEPRECATED_OBJC_IMPLEMENTATIONS = YES;
				CLANG_WARN_DIRECT_OBJC_ISA_USAGE = YES_ERROR;
				CLANG_WARN_DOCUMENTATION_COMMENTS = YES;
				CLANG_WARN_EMPTY_BODY = YES;
				CLANG_WARN_ENUM_CONVERSION = YES;
				CLANG_WARN_INFINITE_RECURSION = YES;
				CLANG_WARN_INT_CONVERSION = YES;
				CLANG_WARN_NON_LITERAL_NULL_CONVERSION = YES;
				CLANG_WARN_OBJC_IMPLICIT_RETAIN_SELF = YES;
				CLANG_WARN_OBJC_LITERAL_CONVERSION = YES;
				CLANG_WARN_OBJC_ROOT_CLASS = YES_ERROR;
				CLANG_WARN_QUOTED_INCLUDE_IN_FRAMEWORK_HEADER = YES;
				CLANG_WARN_RANGE_LOOP_ANALYSIS = YES;
				CLANG_WARN_STRICT_PROTOTYPES = YES;
				CLANG_WARN_SUSPICIOUS_MOVE = YES;
				CLANG_WARN_UNGUARDED_AVAILABILITY = YES_AGGRESSIVE;
				CLANG_WARN_UNREACHABLE_CODE = YES;
				CLANG_WARN__DUPLICATE_METHOD_MATCH = YES;
				COPY_PHASE_STRIP = NO;
				DEBUG_INFORMATION_FORMAT = "dwarf-with-dsym";
				ENABLE_NS_ASSERTIONS = NO;
				ENABLE_STRICT_OBJC_MSGSEND = YES;
				GCC_C_LANGUAGE_STANDARD = gnu11;
				GCC_NO_COMMON_BLOCKS = YES;
				GCC_WARN_64_TO_32_BIT_CONVERSION = YES;
				GCC_WARN_ABOUT_RETURN_TYPE = YES_ERROR;
				GCC_WARN_UNDECLARED_SELECTOR = YES;
				GCC_WARN_UNINITIALIZED_AUTOS = YES_AGGRESSIVE;
				GCC_WARN_UNUSED_FUNCTION = YES;
				GCC_WARN_UNUSED_VARIABLE = YES;
				IPHONEOS_DEPLOYMENT_TARGET = 17.0;
				MTL_ENABLE_DEBUG_INFO = NO;
				MTL_FAST_MATH = YES;
				PRODUCT_NAME = "$(TARGET_NAME)";
				SDKROOT = iphoneos;
				SWIFT_COMPILATION_MODE = wholemodule;
				SWIFT_OPTIMIZATION_LEVEL = "-O";
				SWIFT_VERSION = 5.0;
			};
			name = Release;
		};
		B630C36272BDD8D37EB77122 /* Debug */ = {
			isa = XCBuildConfiguration;
			buildSettings = {
				ASSETCATALOG_COMPILER_APPICON_NAME = AppIcon;
				CODE_SIGN_ENTITLEMENTS = Sources/SousChef/SousChef.entitlements;
				CODE_SIGN_IDENTITY = "iPhone Developer";
				CURRENT_PROJECT_VERSION = 1;
				DEBUG_INFORMATION_FORMAT = dwarf;
				DEVELOPMENT_TEAM = "";
				ENABLE_PREVIEWS = YES;
				INFOPLIST_FILE = Sources/SousChef/Info.plist;
				IPHONEOS_DEPLOYMENT_TARGET = 17.0;
				LD_RUNPATH_SEARCH_PATHS = (
					"$(inherited)",
					"@executable_path/Frameworks",
				);
				MARKETING_VERSION = 1.0.0;
				PRODUCT_BUNDLE_IDENTIFIER = com.souschef.app;
				PRODUCT_NAME = SousChef;
				SDKROOT = iphoneos;
				SUPPORTS_MACCATALYST = NO;
				SWIFT_OPTIMIZATION_LEVEL = "-Onone";
				SWIFT_VERSION = 6.0;
				TARGETED_DEVICE_FAMILY = 1;
			};
			name = Debug;
		};
		CC2D008ACB8D296C40B1518E /* Release */ = {
			isa = XCBuildConfiguration;
			buildSettings = {
				BUNDLE_LOADER = "$(TEST_HOST)";
				GENERATE_INFOPLIST_FILE = YES;
				IPHONEOS_DEPLOYMENT_TARGET = 17.0;
				LD_RUNPATH_SEARCH_PATHS = (
					"$(inherited)",
					"@executable_path/Frameworks",
					"@loader_path/Frameworks",
				);
				PRODUCT_BUNDLE_IDENTIFIER = com.souschef.tests;
				SDKROOT = iphoneos;
				TARGETED_DEVICE_FAMILY = "1,2";
				TEST_HOST = "$(BUILT_PRODUCTS_DIR)/SousChef.app/SousChef";
			};
			name = Release;
		};
/* End XCBuildConfiguration section */

/* Begin XCConfigurationList section */
		053E5E96A334A3B378CED607 /* Build configuration list for PBXNativeTarget "SousChef" */ = {
			isa = XCConfigurationList;
			buildConfigurations = (
				B630C36272BDD8D37EB77122 /* Debug */,
				76F737E482E98407EEAA2ECB /* Release */,
			);
			defaultConfigurationIsVisible = 0;
			defaultConfigurationName = Debug;
		};
		CDB592379FB1CDEE6FD8588B /* Build configuration list for PBXProject "SousChef" */ = {
			isa = XCConfigurationList;
			buildConfigurations = (
				2B33C69C61AF708D94189453 /* Debug */,
				8ED5FDD7D1BE7619B2725463 /* Release */,
			);
			defaultConfigurationIsVisible = 0;
			defaultConfigurationName = Debug;
		};
		E01B3977D7443428B6A872E7 /* Build configuration list for PBXNativeTarget "SousChefTests" */ = {
			isa = XCConfigurationList;
			buildConfigurations = (
				25722C33C4A5904590A52289 /* Debug */,
				CC2D008ACB8D296C40B1518E /* Release */,
			);
			defaultConfigurationIsVisible = 0;
			defaultConfigurationName = Debug;
		};
/* End XCConfigurationList section */

/* Begin XCRemoteSwiftPackageReference section */
		B30FB8A606589E8A693FF2F2 /* XCRemoteSwiftPackageReference "SwiftSoup" */ = {
			isa = XCRemoteSwiftPackageReference;
			repositoryURL = "https://github.com/scinfu/SwiftSoup.git";
			requirement = {
				kind = upToNextMajorVersion;
				minimumVersion = 2.7.0;
			};
		};
/* End XCRemoteSwiftPackageReference section */

/* Begin XCSwiftPackageProductDependency section */
		CE4094BC40CD60A030622ABD /* SwiftSoup */ = {
			isa = XCSwiftPackageProductDependency;
			package = B30FB8A606589E8A693FF2F2 /* XCRemoteSwiftPackageReference "SwiftSoup" */;
			productName = SwiftSoup;
		};
/* End XCSwiftPackageProductDependency section */
	};
	rootObject = 3ED73645DF9AA9F9502F301A /* Project object */;
}
